
Microsoft Visual Studio Solution File, Format Version 12.00
# Visual Studio Version 17
VisualStudioVersion = 17.6.33829.357
MinimumVisualStudioVersion = 10.0.40219.1
Project("{FAE04EC0-301F-11D3-BF4B-00C04F79EFBC}") = "BibliotecaBanco", "BibliotecaBanco\BibliotecaBanco.csproj", "{8ED96057-DAB0-4B9E-B6B8-C2E143786D04}"
EndProject
Project("{FAE04EC0-301F-11D3-BF4B-00C04F79EFBC}") = "CrearArchivo", "CrearArchivo\CrearArchivo.csproj", "{9EB6BCBD-9CA7-4890-930B-BFB0F20AE4E6}"
EndProject
Project("{FAE04EC0-301F-11D3-BF4B-00C04F79EFBC}") = "LeerArchivoSecuencial", "LeerArchivoSecuencial\LeerArchivoSecuencial.csproj", "{D8C7F1B2-D3E9-4C4F-BA7C-EEAD13451779}"
EndProject
Project("{FAE04EC0-301F-11D3-BF4B-00C04F79EFBC}") = "Consulta", "Consulta\Consulta.csproj", "{50CF7C12-0FFC-48F0-B807-436AC39BFD96}"
EndProject
Global
	GlobalSection(SolutionConfigurationPlatforms) = preSolution
		Debug|Any CPU = Debug|Any CPU
		Release|Any CPU = Release|Any CPU
	EndGlobalSection
	GlobalSection(ProjectConfigurationPlatforms) = postSolution
		{8ED96057-DAB0-4B9E-B6B8-C2E143786D04}.Debug|Any CPU.ActiveCfg = Debug|Any CPU
		{8ED96057-DAB0-4B9E-B6B8-C2E143786D04}.Debug|Any CPU.Build.0 = Debug|Any CPU
		{8ED96057-DAB0-4B9E-B6B8-C2E143786D04}.Release|Any CPU.ActiveCfg = Release|Any CPU
		{8ED96057-DAB0-4B9E-B6B8-C2E143786D04}.Release|Any CPU.Build.0 = Release|Any CPU
		{9EB6BCBD-9CA7-4890-930B-BFB0F20AE4E6}.Debug|Any CPU.ActiveCfg = Debug|Any CPU
		{9EB6BCBD-9CA7-4890-930B-BFB0F20AE4E6}.Debug|Any CPU.Build.0 = Debug|Any CPU
		{9EB6BCBD-9CA7-4890-930B-BFB0F20AE4E6}.Release|Any CPU.ActiveCfg = Release|Any CPU
		{9EB6BCBD-9CA7-4890-930B-BFB0F20AE4E6}.Release|Any CPU.Build.0 = Release|Any CPU
		{D8C7F1B2-D3E9-4C4F-BA7C-EEAD13451779}.Debug|Any CPU.ActiveCfg = Debug|Any CPU
		{D8C7F1B2-D3E9-4C4F-BA7C-EEAD13451779}.Debug|Any CPU.Build.0 = Debug|Any CPU
		{D8C7F1B2-D3E9-4C4F-BA7C-EEAD13451779}.Release|Any CPU.ActiveCfg = Release|Any CPU
		{D8C7F1B2-D3E9-4C4F-BA7C-EEAD13451779}.Release|Any CPU.Build.0 = Release|Any CPU
		{50CF7C12-0FFC-48F0-B807-436AC39BFD96}.Debug|Any CPU.ActiveCfg = Debug|Any CPU
		{50CF7C12-0FFC-48F0-B807-436AC39BFD96}.Debug|Any CPU.Build.0 = Debug|Any CPU
		{50CF7C12-0FFC-48F0-B807-436AC39BFD96}.Release|Any CPU.ActiveCfg = Release|Any CPU
		{50CF7C12-0FFC-48F0-B807-436AC39BFD96}.Release|Any CPU.Build.0 = Release|Any CPU
	EndGlobalSection
	GlobalSection(SolutionProperties) = preSolution
		HideSolutionNode = FALSE
	EndGlobalSection
	GlobalSection(ExtensibilityGlobals) = postSolution
		SolutionGuid = {EEF353E5-A9A5-4B96-A8B4-777638290236}
	EndGlobalSection
EndGlobal
